{
    "version": 3,
    "terraform_version": "0.9.3",
    "serial": 1,
    "lineage": "c4e2ce27-1dcf-4f81-9881-97c3cbcead3c",
    "modules": [
        {
            "path": [
                "root"
            ],
            "outputs": {},
            "resources": {
                "aws_instance.lab-develop": {
                    "type": "aws_instance",
                    "depends_on": [],
                    "primary": {
                        "id": "i-040dc5b623c8077c4",
                        "attributes": {
                            "ami": "ami-b374d5a5",
                            "associate_public_ip_address": "true",
                            "availability_zone": "us-east-1a",
                            "disable_api_termination": "false",
                            "ebs_block_device.#": "0",
                            "ebs_optimized": "false",
                            "ephemeral_block_device.#": "0",
                            "iam_instance_profile": "",
                            "id": "i-040dc5b623c8077c4",
                            "instance_state": "running",
                            "instance_type": "t2.micro",
                            "ipv6_address_count": "0",
                            "ipv6_addresses.#": "0",
                            "key_name": "",
                            "monitoring": "false",
                            "network_interface_id": "eni-41394d55",
                            "private_dns": "ip-172-31-71-232.ec2.internal",
                            "private_ip": "172.31.71.232",
                            "public_dns": "ec2-54-236-31-18.compute-1.amazonaws.com",
                            "public_ip": "54.236.31.18",
                            "root_block_device.#": "1",
                            "root_block_device.0.delete_on_termination": "true",
                            "root_block_device.0.iops": "100",
                            "root_block_device.0.volume_size": "8",
                            "root_block_device.0.volume_type": "gp2",
                            "security_groups.#": "0",
                            "source_dest_check": "true",
                            "subnet_id": "subnet-012fac64",
                            "tags.%": "0",
                            "tenancy": "default",
                            "vpc_security_group_ids.#": "1",
                            "vpc_security_group_ids.2893083459": "sg-48252b33"
                        },
                        "meta": {
                            "schema_version": "1"
                        },
                        "tainted": false
                    },
                    "deposed": [],
                    "provider": ""
                }
            },
            "depends_on": []
        }
    ]
}
